{
    "version": 3,
    "terraform_version": "0.10.8",
    "serial": 20,
    "lineage": "67ba6e6d-b980-46f1-b5f7-4944e912031a",
    "modules": [
        {
            "path": [
                "root"
            ],
            "outputs": {},
            "resources": {
                "aws_elb.javahome_elb": {
                    "type": "aws_elb",
                    "depends_on": [
                        "aws_instance.webservers.*",
                        "aws_security_group.webservers_sg",
                        "aws_subnet.webservers.*"
                    ],
                    "primary": {
                        "id": "javahome-elb",
                        "attributes": {
                            "access_logs.#": "0",
                            "arn": "arn:aws:elasticloadbalancing:us-west-2:915530126681:loadbalancer/javahome-elb",
                            "availability_zones.#": "3",
                            "availability_zones.2050015877": "us-west-2c",
                            "availability_zones.221770259": "us-west-2b",
                            "availability_zones.2487133097": "us-west-2a",
                            "connection_draining": "true",
                            "connection_draining_timeout": "400",
                            "cross_zone_load_balancing": "true",
                            "dns_name": "javahome-elb-1100546550.us-west-2.elb.amazonaws.com",
                            "health_check.#": "1",
                            "health_check.0.healthy_threshold": "2",
                            "health_check.0.interval": "30",
                            "health_check.0.target": "HTTP:80/index.html",
                            "health_check.0.timeout": "3",
                            "health_check.0.unhealthy_threshold": "2",
                            "id": "javahome-elb",
                            "idle_timeout": "400",
                            "instances.#": "3",
                            "instances.157715579": "i-01888ea39c0823fa9",
                            "instances.3153273450": "i-0724aba5f7b2cf009",
                            "instances.414060779": "i-01f3cd4a8706aba8e",
                            "internal": "false",
                            "listener.#": "1",
                            "listener.3057123346.instance_port": "80",
                            "listener.3057123346.instance_protocol": "http",
                            "listener.3057123346.lb_port": "80",
                            "listener.3057123346.lb_protocol": "http",
                            "listener.3057123346.ssl_certificate_id": "",
                            "name": "javahome-elb",
                            "security_groups.#": "1",
                            "security_groups.3706931593": "sg-0aadfd75",
                            "source_security_group": "915530126681/webservers_sg",
                            "source_security_group_id": "sg-0aadfd75",
                            "subnets.#": "3",
                            "subnets.1817249558": "subnet-facc1b83",
                            "subnets.467331501": "subnet-d33a8789",
                            "subnets.510873607": "subnet-13738558",
                            "tags.%": "1",
                            "tags.Name": "javahome-elb",
                            "zone_id": "Z1H1FL5HABSF5"
                        },
                        "meta": {},
                        "tainted": false
                    },
                    "deposed": [],
                    "provider": ""
                },
                "aws_instance.webservers.0": {
                    "type": "aws_instance",
                    "depends_on": [
                        "aws_security_group.webservers_sg",
                        "aws_subnet.webservers.*"
                    ],
                    "primary": {
                        "id": "i-0724aba5f7b2cf009",
                        "attributes": {
                            "ami": "ami-f2d3638a",
                            "associate_public_ip_address": "true",
                            "availability_zone": "us-west-2a",
                            "disable_api_termination": "false",
                            "ebs_block_device.#": "0",
                            "ebs_optimized": "false",
                            "ephemeral_block_device.#": "0",
                            "iam_instance_profile": "",
                            "id": "i-0724aba5f7b2cf009",
                            "instance_state": "running",
                            "instance_type": "t2.micro",
                            "ipv6_addresses.#": "0",
                            "key_name": "",
                            "monitoring": "false",
                            "network_interface.#": "0",
                            "network_interface_id": "eni-d48deaf0",
                            "placement_group": "",
                            "primary_network_interface_id": "eni-d48deaf0",
                            "private_dns": "ip-173-19-1-46.us-west-2.compute.internal",
                            "private_ip": "173.19.1.46",
                            "public_dns": "",
                            "public_ip": "54.244.207.146",
                            "root_block_device.#": "1",
                            "root_block_device.0.delete_on_termination": "true",
                            "root_block_device.0.iops": "100",
                            "root_block_device.0.volume_id": "vol-0968e8401cc6d58fc",
                            "root_block_device.0.volume_size": "8",
                            "root_block_device.0.volume_type": "gp2",
                            "security_groups.#": "0",
                            "source_dest_check": "true",
                            "subnet_id": "subnet-facc1b83",
                            "tags.%": "1",
                            "tags.Name": "Webserver-1",
                            "tenancy": "default",
                            "user_data": "b667e77aff40061dd2f21381ef1af05185abdc2f",
                            "volume_tags.%": "0",
                            "vpc_security_group_ids.#": "1",
                            "vpc_security_group_ids.3706931593": "sg-0aadfd75"
                        },
                        "meta": {
                            "e2bfb730-ecaa-11e6-8f88-34363bc7c4c0": {
                                "create": 600000000000,
                                "delete": 1200000000000,
                                "update": 600000000000
                            },
                            "schema_version": "1"
                        },
                        "tainted": false
                    },
                    "deposed": [],
                    "provider": ""
                },
                "aws_instance.webservers.1": {
                    "type": "aws_instance",
                    "depends_on": [
                        "aws_security_group.webservers_sg",
                        "aws_subnet.webservers.*"
                    ],
                    "primary": {
                        "id": "i-01f3cd4a8706aba8e",
                        "attributes": {
                            "ami": "ami-f2d3638a",
                            "associate_public_ip_address": "true",
                            "availability_zone": "us-west-2b",
                            "disable_api_termination": "false",
                            "ebs_block_device.#": "0",
                            "ebs_optimized": "false",
                            "ephemeral_block_device.#": "0",
                            "iam_instance_profile": "",
                            "id": "i-01f3cd4a8706aba8e",
                            "instance_state": "running",
                            "instance_type": "t2.micro",
                            "ipv6_addresses.#": "0",
                            "key_name": "",
                            "monitoring": "false",
                            "network_interface.#": "0",
                            "network_interface_id": "eni-de38b8e9",
                            "placement_group": "",
                            "primary_network_interface_id": "eni-de38b8e9",
                            "private_dns": "ip-173-19-2-127.us-west-2.compute.internal",
                            "private_ip": "173.19.2.127",
                            "public_dns": "",
                            "public_ip": "52.40.92.5",
                            "root_block_device.#": "1",
                            "root_block_device.0.delete_on_termination": "true",
                            "root_block_device.0.iops": "100",
                            "root_block_device.0.volume_id": "vol-00c3b4d38167dab43",
                            "root_block_device.0.volume_size": "8",
                            "root_block_device.0.volume_type": "gp2",
                            "security_groups.#": "0",
                            "source_dest_check": "true",
                            "subnet_id": "subnet-13738558",
                            "tags.%": "1",
                            "tags.Name": "Webserver-2",
                            "tenancy": "default",
                            "user_data": "b667e77aff40061dd2f21381ef1af05185abdc2f",
                            "volume_tags.%": "0",
                            "vpc_security_group_ids.#": "1",
                            "vpc_security_group_ids.3706931593": "sg-0aadfd75"
                        },
                        "meta": {
                            "e2bfb730-ecaa-11e6-8f88-34363bc7c4c0": {
                                "create": 600000000000,
                                "delete": 1200000000000,
                                "update": 600000000000
                            },
                            "schema_version": "1"
                        },
                        "tainted": false
                    },
                    "deposed": [],
                    "provider": ""
                },
                "aws_instance.webservers.2": {
                    "type": "aws_instance",
                    "depends_on": [
                        "aws_security_group.webservers_sg",
                        "aws_subnet.webservers.*"
                    ],
                    "primary": {
                        "id": "i-01888ea39c0823fa9",
                        "attributes": {
                            "ami": "ami-f2d3638a",
                            "associate_public_ip_address": "true",
                            "availability_zone": "us-west-2c",
                            "disable_api_termination": "false",
                            "ebs_block_device.#": "0",
                            "ebs_optimized": "false",
                            "ephemeral_block_device.#": "0",
                            "iam_instance_profile": "",
                            "id": "i-01888ea39c0823fa9",
                            "instance_state": "running",
                            "instance_type": "t2.micro",
                            "ipv6_addresses.#": "0",
                            "key_name": "",
                            "monitoring": "false",
                            "network_interface.#": "0",
                            "network_interface_id": "eni-c3f302c5",
                            "placement_group": "",
                            "primary_network_interface_id": "eni-c3f302c5",
                            "private_dns": "ip-173-19-3-81.us-west-2.compute.internal",
                            "private_ip": "173.19.3.81",
                            "public_dns": "",
                            "public_ip": "54.186.157.52",
                            "root_block_device.#": "1",
                            "root_block_device.0.delete_on_termination": "true",
                            "root_block_device.0.iops": "100",
                            "root_block_device.0.volume_id": "vol-08562367c7dc2aa4b",
                            "root_block_device.0.volume_size": "8",
                            "root_block_device.0.volume_type": "gp2",
                            "security_groups.#": "0",
                            "source_dest_check": "true",
                            "subnet_id": "subnet-d33a8789",
                            "tags.%": "1",
                            "tags.Name": "Webserver-3",
                            "tenancy": "default",
                            "user_data": "b667e77aff40061dd2f21381ef1af05185abdc2f",
                            "volume_tags.%": "0",
                            "vpc_security_group_ids.#": "1",
                            "vpc_security_group_ids.3706931593": "sg-0aadfd75"
                        },
                        "meta": {
                            "e2bfb730-ecaa-11e6-8f88-34363bc7c4c0": {
                                "create": 600000000000,
                                "delete": 1200000000000,
                                "update": 600000000000
                            },
                            "schema_version": "1"
                        },
                        "tainted": false
                    },
                    "deposed": [],
                    "provider": ""
                },
                "aws_internet_gateway.igw": {
                    "type": "aws_internet_gateway",
                    "depends_on": [
                        "aws_vpc.javahome_vpc"
                    ],
                    "primary": {
                        "id": "igw-7af1721c",
                        "attributes": {
                            "id": "igw-7af1721c",
                            "tags.%": "1",
                            "tags.Name": "JavaHomeIGW",
                            "vpc_id": "vpc-6a086f13"
                        },
                        "meta": {},
                        "tainted": false
                    },
                    "deposed": [],
                    "provider": ""
                },
                "aws_route_table.webservers_rt": {
                    "type": "aws_route_table",
                    "depends_on": [
                        "aws_internet_gateway.igw",
                        "aws_vpc.javahome_vpc"
                    ],
                    "primary": {
                        "id": "rtb-938e06eb",
                        "attributes": {
                            "id": "rtb-938e06eb",
                            "propagating_vgws.#": "0",
                            "route.#": "1",
                            "route.3493191903.cidr_block": "0.0.0.0/0",
                            "route.3493191903.egress_only_gateway_id": "",
                            "route.3493191903.gateway_id": "igw-7af1721c",
                            "route.3493191903.instance_id": "",
                            "route.3493191903.ipv6_cidr_block": "",
                            "route.3493191903.nat_gateway_id": "",
                            "route.3493191903.network_interface_id": "",
                            "route.3493191903.vpc_peering_connection_id": "",
                            "tags.%": "1",
                            "tags.Name": "webservers_rt",
                            "vpc_id": "vpc-6a086f13"
                        },
                        "meta": {},
                        "tainted": false
                    },
                    "deposed": [],
                    "provider": ""
                },
                "aws_route_table_association.a.0": {
                    "type": "aws_route_table_association",
                    "depends_on": [
                        "aws_route_table.webservers_rt",
                        "aws_subnet.webservers.*"
                    ],
                    "primary": {
                        "id": "rtbassoc-29c70753",
                        "attributes": {
                            "id": "rtbassoc-29c70753",
                            "route_table_id": "rtb-938e06eb",
                            "subnet_id": "subnet-facc1b83"
                        },
                        "meta": {},
                        "tainted": false
                    },
                    "deposed": [],
                    "provider": ""
                },
                "aws_route_table_association.a.1": {
                    "type": "aws_route_table_association",
                    "depends_on": [
                        "aws_route_table.webservers_rt",
                        "aws_subnet.webservers.*"
                    ],
                    "primary": {
                        "id": "rtbassoc-9bc303e1",
                        "attributes": {
                            "id": "rtbassoc-9bc303e1",
                            "route_table_id": "rtb-938e06eb",
                            "subnet_id": "subnet-13738558"
                        },
                        "meta": {},
                        "tainted": false
                    },
                    "deposed": [],
                    "provider": ""
                },
                "aws_route_table_association.a.2": {
                    "type": "aws_route_table_association",
                    "depends_on": [
                        "aws_route_table.webservers_rt",
                        "aws_subnet.webservers.*"
                    ],
                    "primary": {
                        "id": "rtbassoc-8fc909f5",
                        "attributes": {
                            "id": "rtbassoc-8fc909f5",
                            "route_table_id": "rtb-938e06eb",
                            "subnet_id": "subnet-d33a8789"
                        },
                        "meta": {},
                        "tainted": false
                    },
                    "deposed": [],
                    "provider": ""
                },
                "aws_security_group.webservers_sg": {
                    "type": "aws_security_group",
                    "depends_on": [
                        "aws_vpc.javahome_vpc"
                    ],
                    "primary": {
                        "id": "sg-0aadfd75",
                        "attributes": {
                            "description": "Allow all inbound traffic",
                            "egress.#": "1",
                            "egress.482069346.cidr_blocks.#": "1",
                            "egress.482069346.cidr_blocks.0": "0.0.0.0/0",
                            "egress.482069346.description": "",
                            "egress.482069346.from_port": "0",
                            "egress.482069346.ipv6_cidr_blocks.#": "0",
                            "egress.482069346.prefix_list_ids.#": "0",
                            "egress.482069346.protocol": "-1",
                            "egress.482069346.security_groups.#": "0",
                            "egress.482069346.self": "false",
                            "egress.482069346.to_port": "0",
                            "id": "sg-0aadfd75",
                            "ingress.#": "2",
                            "ingress.2214680975.cidr_blocks.#": "1",
                            "ingress.2214680975.cidr_blocks.0": "0.0.0.0/0",
                            "ingress.2214680975.description": "",
                            "ingress.2214680975.from_port": "80",
                            "ingress.2214680975.ipv6_cidr_blocks.#": "0",
                            "ingress.2214680975.protocol": "tcp",
                            "ingress.2214680975.security_groups.#": "0",
                            "ingress.2214680975.self": "false",
                            "ingress.2214680975.to_port": "80",
                            "ingress.4108205556.cidr_blocks.#": "1",
                            "ingress.4108205556.cidr_blocks.0": "49.205.217.185/32",
                            "ingress.4108205556.description": "",
                            "ingress.4108205556.from_port": "22",
                            "ingress.4108205556.ipv6_cidr_blocks.#": "0",
                            "ingress.4108205556.protocol": "tcp",
                            "ingress.4108205556.security_groups.#": "0",
                            "ingress.4108205556.self": "false",
                            "ingress.4108205556.to_port": "22",
                            "name": "webservers_sg",
                            "owner_id": "915530126681",
                            "revoke_rules_on_delete": "false",
                            "tags.%": "0",
                            "vpc_id": "vpc-6a086f13"
                        },
                        "meta": {
                            "schema_version": "1"
                        },
                        "tainted": false
                    },
                    "deposed": [],
                    "provider": ""
                },
                "aws_subnet.webservers.0": {
                    "type": "aws_subnet",
                    "depends_on": [
                        "aws_vpc.javahome_vpc",
                        "data.aws_availability_zones.azs"
                    ],
                    "primary": {
                        "id": "subnet-facc1b83",
                        "attributes": {
                            "assign_ipv6_address_on_creation": "false",
                            "availability_zone": "us-west-2a",
                            "cidr_block": "173.19.1.0/24",
                            "id": "subnet-facc1b83",
                            "map_public_ip_on_launch": "false",
                            "tags.%": "2",
                            "tags.Environment": "Dev",
                            "tags.Name": "Webservers",
                            "vpc_id": "vpc-6a086f13"
                        },
                        "meta": {
                            "schema_version": "1"
                        },
                        "tainted": false
                    },
                    "deposed": [],
                    "provider": ""
                },
                "aws_subnet.webservers.1": {
                    "type": "aws_subnet",
                    "depends_on": [
                        "aws_vpc.javahome_vpc",
                        "data.aws_availability_zones.azs"
                    ],
                    "primary": {
                        "id": "subnet-13738558",
                        "attributes": {
                            "assign_ipv6_address_on_creation": "false",
                            "availability_zone": "us-west-2b",
                            "cidr_block": "173.19.2.0/24",
                            "id": "subnet-13738558",
                            "map_public_ip_on_launch": "false",
                            "tags.%": "2",
                            "tags.Environment": "Dev",
                            "tags.Name": "Webservers",
                            "vpc_id": "vpc-6a086f13"
                        },
                        "meta": {
                            "schema_version": "1"
                        },
                        "tainted": false
                    },
                    "deposed": [],
                    "provider": ""
                },
                "aws_subnet.webservers.2": {
                    "type": "aws_subnet",
                    "depends_on": [
                        "aws_vpc.javahome_vpc",
                        "data.aws_availability_zones.azs"
                    ],
                    "primary": {
                        "id": "subnet-d33a8789",
                        "attributes": {
                            "assign_ipv6_address_on_creation": "false",
                            "availability_zone": "us-west-2c",
                            "cidr_block": "173.19.3.0/24",
                            "id": "subnet-d33a8789",
                            "map_public_ip_on_launch": "false",
                            "tags.%": "2",
                            "tags.Environment": "Dev",
                            "tags.Name": "Webservers",
                            "vpc_id": "vpc-6a086f13"
                        },
                        "meta": {
                            "schema_version": "1"
                        },
                        "tainted": false
                    },
                    "deposed": [],
                    "provider": ""
                },
                "aws_vpc.javahome_vpc": {
                    "type": "aws_vpc",
                    "depends_on": [],
                    "primary": {
                        "id": "vpc-6a086f13",
                        "attributes": {
                            "assign_generated_ipv6_cidr_block": "false",
                            "cidr_block": "173.19.0.0/16",
                            "default_network_acl_id": "acl-7c18fc04",
                            "default_route_table_id": "rtb-6780081f",
                            "default_security_group_id": "sg-b2adfdcd",
                            "dhcp_options_id": "dopt-54574232",
                            "enable_classiclink": "false",
                            "enable_classiclink_dns_support": "false",
                            "enable_dns_hostnames": "false",
                            "enable_dns_support": "true",
                            "id": "vpc-6a086f13",
                            "instance_tenancy": "default",
                            "main_route_table_id": "rtb-6780081f",
                            "tags.%": "2",
                            "tags.Batch": "Weekend",
                            "tags.Name": "JavaHomeVpc"
                        },
                        "meta": {
                            "schema_version": "1"
                        },
                        "tainted": false
                    },
                    "deposed": [],
                    "provider": ""
                },
                "data.aws_availability_zones.azs": {
                    "type": "aws_availability_zones",
                    "depends_on": [],
                    "primary": {
                        "id": "2018-03-04 05:59:12.911531652 +0000 UTC",
                        "attributes": {
                            "id": "2018-03-04 05:59:12.911531652 +0000 UTC",
                            "names.#": "3",
                            "names.0": "us-west-2a",
                            "names.1": "us-west-2b",
                            "names.2": "us-west-2c"
                        },
                        "meta": {},
                        "tainted": false
                    },
                    "deposed": [],
                    "provider": ""
                }
            },
            "depends_on": []
        }
    ]
}
